
Microsoft Visual Studio Solution File, Format Version 12.00
# Visual Studio Version 17
VisualStudioVersion = 17.4.33110.190
MinimumVisualStudioVersion = 10.0.40219.1
Project("{9A19103F-16F7-4668-BE54-9A1E7A4F7556}") = "Core", "Core\Core.csproj", "{631C6168-4088-43E5-B959-AD3450B1A469}"
EndProject
Project("{9A19103F-16F7-4668-BE54-9A1E7A4F7556}") = "Infrastructure", "Infrastructure\Infrastructure.csproj", "{7F02CC47-32A0-47FB-AB25-59CC91C07987}"
EndProject
Project("{9A19103F-16F7-4668-BE54-9A1E7A4F7556}") = "WebTest", "WebTest\WebTest.csproj", "{77A9CC99-640C-4C08-94C7-1F41A40E91D9}"
EndProject
Project("{9A19103F-16F7-4668-BE54-9A1E7A4F7556}") = "ApiUsuarios", "ApiUsuarios\ApiUsuarios.csproj", "{C81C8145-46AA-49A1-85AF-A1406E66055A}"
EndProject
Project("{9A19103F-16F7-4668-BE54-9A1E7A4F7556}") = "ApiProductos", "ApiProductos\ApiProductos.csproj", "{6FF3B646-9460-4AD0-9EAC-44F5094DF2D5}"
EndProject
Global
	GlobalSection(SolutionConfigurationPlatforms) = preSolution
		Debug|Any CPU = Debug|Any CPU
		Release|Any CPU = Release|Any CPU
	EndGlobalSection
	GlobalSection(ProjectConfigurationPlatforms) = postSolution
		{631C6168-4088-43E5-B959-AD3450B1A469}.Debug|Any CPU.ActiveCfg = Debug|Any CPU
		{631C6168-4088-43E5-B959-AD3450B1A469}.Debug|Any CPU.Build.0 = Debug|Any CPU
		{631C6168-4088-43E5-B959-AD3450B1A469}.Release|Any CPU.ActiveCfg = Release|Any CPU
		{631C6168-4088-43E5-B959-AD3450B1A469}.Release|Any CPU.Build.0 = Release|Any CPU
		{7F02CC47-32A0-47FB-AB25-59CC91C07987}.Debug|Any CPU.ActiveCfg = Debug|Any CPU
		{7F02CC47-32A0-47FB-AB25-59CC91C07987}.Debug|Any CPU.Build.0 = Debug|Any CPU
		{7F02CC47-32A0-47FB-AB25-59CC91C07987}.Release|Any CPU.ActiveCfg = Release|Any CPU
		{7F02CC47-32A0-47FB-AB25-59CC91C07987}.Release|Any CPU.Build.0 = Release|Any CPU
		{77A9CC99-640C-4C08-94C7-1F41A40E91D9}.Debug|Any CPU.ActiveCfg = Debug|Any CPU
		{77A9CC99-640C-4C08-94C7-1F41A40E91D9}.Debug|Any CPU.Build.0 = Debug|Any CPU
		{77A9CC99-640C-4C08-94C7-1F41A40E91D9}.Release|Any CPU.ActiveCfg = Release|Any CPU
		{77A9CC99-640C-4C08-94C7-1F41A40E91D9}.Release|Any CPU.Build.0 = Release|Any CPU
		{C81C8145-46AA-49A1-85AF-A1406E66055A}.Debug|Any CPU.ActiveCfg = Debug|Any CPU
		{C81C8145-46AA-49A1-85AF-A1406E66055A}.Debug|Any CPU.Build.0 = Debug|Any CPU
		{C81C8145-46AA-49A1-85AF-A1406E66055A}.Release|Any CPU.ActiveCfg = Release|Any CPU
		{C81C8145-46AA-49A1-85AF-A1406E66055A}.Release|Any CPU.Build.0 = Release|Any CPU
		{6FF3B646-9460-4AD0-9EAC-44F5094DF2D5}.Debug|Any CPU.ActiveCfg = Debug|Any CPU
		{6FF3B646-9460-4AD0-9EAC-44F5094DF2D5}.Debug|Any CPU.Build.0 = Debug|Any CPU
		{6FF3B646-9460-4AD0-9EAC-44F5094DF2D5}.Release|Any CPU.ActiveCfg = Release|Any CPU
		{6FF3B646-9460-4AD0-9EAC-44F5094DF2D5}.Release|Any CPU.Build.0 = Release|Any CPU
	EndGlobalSection
	GlobalSection(SolutionProperties) = preSolution
		HideSolutionNode = FALSE
	EndGlobalSection
	GlobalSection(ExtensibilityGlobals) = postSolution
		SolutionGuid = {871115C0-535C-4C80-9B95-055C4692B3D5}
	EndGlobalSection
EndGlobal
